
Microsoft Visual Studio Solution File, Format Version 12.00
# Visual Studio Version 16
VisualStudioVersion = 16.0.30907.101
MinimumVisualStudioVersion = 10.0.40219.1
Project("{FAE04EC0-301F-11D3-BF4B-00C04F79EFBC}") = "ExampleWS", "ExampleWS\ExampleWS.csproj", "{688B4AD6-6848-41E8-9F37-ACBA2B3867E7}"
EndProject
Global
	GlobalSection(SolutionConfigurationPlatforms) = preSolution
		Debug|Any CPU = Debug|Any CPU
		Release|Any CPU = Release|Any CPU
	EndGlobalSection
	GlobalSection(ProjectConfigurationPlatforms) = postSolution
		{688B4AD6-6848-41E8-9F37-ACBA2B3867E7}.Debug|Any CPU.ActiveCfg = Debug|Any CPU
		{688B4AD6-6848-41E8-9F37-ACBA2B3867E7}.Debug|Any CPU.Build.0 = Debug|Any CPU
		{688B4AD6-6848-41E8-9F37-ACBA2B3867E7}.Release|Any CPU.ActiveCfg = Release|Any CPU
		{688B4AD6-6848-41E8-9F37-ACBA2B3867E7}.Release|Any CPU.Build.0 = Release|Any CPU
	EndGlobalSection
	GlobalSection(SolutionProperties) = preSolution
		HideSolutionNode = FALSE
	EndGlobalSection
	GlobalSection(ExtensibilityGlobals) = postSolution
		SolutionGuid = {61BC89F1-BE8B-4D70-974D-E290CDEA604A}
	EndGlobalSection
EndGlobal
